// !$*UTF8*$!
{
	archiveVersion = 1;
	classes = {
	};
	objectVersion = 50;
	objects = {

/* Begin PBXBuildFile section */
		5F7121E92291C47E00FFB1FF /* AppDelegate.swift in Sources */ = {isa = PBXBuildFile; fileRef = 5F7121E82291C47E00FFB1FF /* AppDelegate.swift */; };
		5F7121EB2291C47E00FFB1FF /* ViewController.swift in Sources */ = {isa = PBXBuildFile; fileRef = 5F7121EA2291C47E00FFB1FF /* ViewController.swift */; };
		5F7121EE2291C47E00FFB1FF /* Main.storyboard in Resources */ = {isa = PBXBuildFile; fileRef = 5F7121EC2291C47E00FFB1FF /* Main.storyboard */; };
		5F7121F02291C47F00FFB1FF /* Assets.xcassets in Resources */ = {isa = PBXBuildFile; fileRef = 5F7121EF2291C47F00FFB1FF /* Assets.xcassets */; };
		5F7121F32291C47F00FFB1FF /* LaunchScreen.storyboard in Resources */ = {isa = PBXBuildFile; fileRef = 5F7121F12291C47F00FFB1FF /* LaunchScreen.storyboard */; };
		5F7121FE2291C48000FFB1FF /* UntanglerTests.swift in Sources */ = {isa = PBXBuildFile; fileRef = 5F7121FD2291C48000FFB1FF /* UntanglerTests.swift */; };
		5F7122092291C48000FFB1FF /* UntanglerUITests.swift in Sources */ = {isa = PBXBuildFile; fileRef = 5F7122082291C48000FFB1FF /* UntanglerUITests.swift */; };
		5F7122172291C73300FFB1FF /* ConnectionView.swift in Sources */ = {isa = PBXBuildFile; fileRef = 5F7122162291C73300FFB1FF /* ConnectionView.swift */; };
/* End PBXBuildFile section */

/* Begin PBXContainerItemProxy section */
		5F7121FA2291C48000FFB1FF /* PBXContainerItemProxy */ = {
			isa = PBXContainerItemProxy;
			containerPortal = 5F7121DD2291C47E00FFB1FF /* Project object */;
			proxyType = 1;
			remoteGlobalIDString = 5F7121E42291C47E00FFB1FF;
			remoteInfo = Untangler;
		};
		5F7122052291C48000FFB1FF /* PBXContainerItemProxy */ = {
			isa = PBXContainerItemProxy;
			containerPortal = 5F7121DD2291C47E00FFB1FF /* Project object */;
			proxyType = 1;
			remoteGlobalIDString = 5F7121E42291C47E00FFB1FF;
			remoteInfo = Untangler;
		};
/* End PBXContainerItemProxy section */

/* Begin PBXFileReference section */
		5F7121E52291C47E00FFB1FF /* Untangler.app */ = {isa = PBXFileReference; explicitFileType = wrapper.application; includeInIndex = 0; path = Untangler.app; sourceTree = BUILT_PRODUCTS_DIR; };
		5F7121E82291C47E00FFB1FF /* AppDelegate.swift */ = {isa = PBXFileReference; lastKnownFileType = sourcecode.swift; path = AppDelegate.swift; sourceTree = "<group>"; };
		5F7121EA2291C47E00FFB1FF /* ViewController.swift */ = {isa = PBXFileReference; lastKnownFileType = sourcecode.swift; path = ViewController.swift; sourceTree = "<group>"; };
		5F7121ED2291C47E00FFB1FF /* Base */ = {isa = PBXFileReference; lastKnownFileType = file.storyboard; name = Base; path = Base.lproj/Main.storyboard; sourceTree = "<group>"; };
		5F7121EF2291C47F00FFB1FF /* Assets.xcassets */ = {isa = PBXFileReference; lastKnownFileType = folder.assetcatalog; path = Assets.xcassets; sourceTree = "<group>"; };
		5F7121F22291C47F00FFB1FF /* Base */ = {isa = PBXFileReference; lastKnownFileType = file.storyboard; name = Base; path = Base.lproj/LaunchScreen.storyboard; sourceTree = "<group>"; };
		5F7121F42291C47F00FFB1FF /* Info.plist */ = {isa = PBXFileReference; lastKnownFileType = text.plist.xml; path = Info.plist; sourceTree = "<group>"; };
		5F7121F92291C48000FFB1FF /* UntanglerTests.xctest */ = {isa = PBXFileReference; explicitFileType = wrapper.cfbundle; includeInIndex = 0; path = UntanglerTests.xctest; sourceTree = BUILT_PRODUCTS_DIR; };
		5F7121FD2291C48000FFB1FF /* UntanglerTests.swift */ = {isa = PBXFileReference; lastKnownFileType = sourcecode.swift; path = UntanglerTests.swift; sourceTree = "<group>"; };
		5F7121FF2291C48000FFB1FF /* Info.plist */ = {isa = PBXFileReference; lastKnownFileType = text.plist.xml; path = Info.plist; sourceTree = "<group>"; };
		5F7122042291C48000FFB1FF /* UntanglerUITests.xctest */ = {isa = PBXFileReference; explicitFileType = wrapper.cfbundle; includeInIndex = 0; path = UntanglerUITests.xctest; sourceTree = BUILT_PRODUCTS_DIR; };
		5F7122082291C48000FFB1FF /* UntanglerUITests.swift */ = {isa = PBXFileReference; lastKnownFileType = sourcecode.swift; path = UntanglerUITests.swift; sourceTree = "<group>"; };
		5F71220A2291C48000FFB1FF /* Info.plist */ = {isa = PBXFileReference; lastKnownFileType = text.plist.xml; path = Info.plist; sourceTree = "<group>"; };
		5F7122162291C73300FFB1FF /* ConnectionView.swift */ = {isa = PBXFileReference; lastKnownFileType = sourcecode.swift; path = ConnectionView.swift; sourceTree = "<group>"; };
/* End PBXFileReference section */

/* Begin PBXFrameworksBuildPhase section */
		5F7121E22291C47E00FFB1FF /* Frameworks */ = {
			isa = PBXFrameworksBuildPhase;
			buildActionMask = 2147483647;
			files = (
			);
			runOnlyForDeploymentPostprocessing = 0;
		};
		5F7121F62291C48000FFB1FF /* Frameworks */ = {
			isa = PBXFrameworksBuildPhase;
			buildActionMask = 2147483647;
			files = (
			);
			runOnlyForDeploymentPostprocessing = 0;
		};
		5F7122012291C48000FFB1FF /* Frameworks */ = {
			isa = PBXFrameworksBuildPhase;
			buildActionMask = 2147483647;
			files = (
			);
			runOnlyForDeploymentPostprocessing = 0;
		};
/* End PBXFrameworksBuildPhase section */

/* Begin PBXGroup section */
		5F7121DC2291C47E00FFB1FF = {
			isa = PBXGroup;
			children = (
				5F7121E72291C47E00FFB1FF /* Untangler */,
				5F7121FC2291C48000FFB1FF /* UntanglerTests */,
				5F7122072291C48000FFB1FF /* UntanglerUITests */,
				5F7121E62291C47E00FFB1FF /* Products */,
			);
			sourceTree = "<group>";
		};
		5F7121E62291C47E00FFB1FF /* Products */ = {
			isa = PBXGroup;
			children = (
				5F7121E52291C47E00FFB1FF /* Untangler.app */,
				5F7121F92291C48000FFB1FF /* UntanglerTests.xctest */,
				5F7122042291C48000FFB1FF /* UntanglerUITests.xctest */,
			);
			name = Products;
			sourceTree = "<group>";
		};
		5F7121E72291C47E00FFB1FF /* Untangler */ = {
			isa = PBXGroup;
			children = (
				5F7121E82291C47E00FFB1FF /* AppDelegate.swift */,
				5F7121EA2291C47E00FFB1FF /* ViewController.swift */,
				5F7121EC2291C47E00FFB1FF /* Main.storyboard */,
				5F7121EF2291C47F00FFB1FF /* Assets.xcassets */,
				5F7121F12291C47F00FFB1FF /* LaunchScreen.storyboard */,
				5F7121F42291C47F00FFB1FF /* Info.plist */,
				5F7122162291C73300FFB1FF /* ConnectionView.swift */,
			);
			path = Untangler;
			sourceTree = "<group>";
		};
		5F7121FC2291C48000FFB1FF /* UntanglerTests */ = {
			isa = PBXGroup;
			children = (
				5F7121FD2291C48000FFB1FF /* UntanglerTests.swift */,
				5F7121FF2291C48000FFB1FF /* Info.plist */,
			);
			path = UntanglerTests;
			sourceTree = "<group>";
		};
		5F7122072291C48000FFB1FF /* UntanglerUITests */ = {
			isa = PBXGroup;
			children = (
				5F7122082291C48000FFB1FF /* UntanglerUITests.swift */,
				5F71220A2291C48000FFB1FF /* Info.plist */,
			);
			path = UntanglerUITests;
			sourceTree = "<group>";
		};
/* End PBXGroup section */

/* Begin PBXNativeTarget section */
		5F7121E42291C47E00FFB1FF /* Untangler */ = {
			isa = PBXNativeTarget;
			buildConfigurationList = 5F71220D2291C48000FFB1FF /* Build configuration list for PBXNativeTarget "Untangler" */;
			buildPhases = (
				5F7121E12291C47E00FFB1FF /* Sources */,
				5F7121E22291C47E00FFB1FF /* Frameworks */,
				5F7121E32291C47E00FFB1FF /* Resources */,
			);
			buildRules = (
			);
			dependencies = (
			);
			name = Untangler;
			productName = Untangler;
			productReference = 5F7121E52291C47E00FFB1FF /* Untangler.app */;
			productType = "com.apple.product-type.application";
		};
		5F7121F82291C48000FFB1FF /* UntanglerTests */ = {
			isa = PBXNativeTarget;
			buildConfigurationList = 5F7122102291C48000FFB1FF /* Build configuration list for PBXNativeTarget "UntanglerTests" */;
			buildPhases = (
				5F7121F52291C48000FFB1FF /* Sources */,
				5F7121F62291C48000FFB1FF /* Frameworks */,
				5F7121F72291C48000FFB1FF /* Resources */,
			);
			buildRules = (
			);
			dependencies = (
				5F7121FB2291C48000FFB1FF /* PBXTargetDependency */,
			);
			name = UntanglerTests;
			productName = UntanglerTests;
			productReference = 5F7121F92291C48000FFB1FF /* UntanglerTests.xctest */;
			productType = "com.apple.product-type.bundle.unit-test";
		};
		5F7122032291C48000FFB1FF /* UntanglerUITests */ = {
			isa = PBXNativeTarget;
			buildConfigurationList = 5F7122132291C48000FFB1FF /* Build configuration list for PBXNativeTarget "UntanglerUITests" */;
			buildPhases = (
				5F7122002291C48000FFB1FF /* Sources */,
				5F7122012291C48000FFB1FF /* Frameworks */,
				5F7122022291C48000FFB1FF /* Resources */,
			);
			buildRules = (
			);
			dependencies = (
				5F7122062291C48000FFB1FF /* PBXTargetDependency */,
			);
			name = UntanglerUITests;
			productName = UntanglerUITests;
			productReference = 5F7122042291C48000FFB1FF /* UntanglerUITests.xctest */;
			productType = "com.apple.product-type.bundle.ui-testing";
		};
/* End PBXNativeTarget section */

/* Begin PBXProject section */
		5F7121DD2291C47E00FFB1FF /* Project object */ = {
			isa = PBXProject;
			attributes = {
				LastSwiftUpdateCheck = 1010;
				LastUpgradeCheck = 1010;
				ORGANIZATIONNAME = "Adegboyega Olusunmade";
				TargetAttributes = {
					5F7121E42291C47E00FFB1FF = {
						CreatedOnToolsVersion = 10.1;
					};
					5F7121F82291C48000FFB1FF = {
						CreatedOnToolsVersion = 10.1;
						TestTargetID = 5F7121E42291C47E00FFB1FF;
					};
					5F7122032291C48000FFB1FF = {
						CreatedOnToolsVersion = 10.1;
						TestTargetID = 5F7121E42291C47E00FFB1FF;
					};
				};
			};
			buildConfigurationList = 5F7121E02291C47E00FFB1FF /* Build configuration list for PBXProject "Untangler" */;
			compatibilityVersion = "Xcode 9.3";
			developmentRegion = en;
			hasScannedForEncodings = 0;
			knownRegions = (
				en,
				Base,
			);
			mainGroup = 5F7121DC2291C47E00FFB1FF;
			productRefGroup = 5F7121E62291C47E00FFB1FF /* Products */;
			projectDirPath = "";
			projectRoot = "";
			targets = (
				5F7121E42291C47E00FFB1FF /* Untangler */,
				5F7121F82291C48000FFB1FF /* UntanglerTests */,
				5F7122032291C48000FFB1FF /* UntanglerUITests */,
			);
		};
/* End PBXProject section */

/* Begin PBXResourcesBuildPhase section */
		5F7121E32291C47E00FFB1FF /* Resources */ = {
			isa = PBXResourcesBuildPhase;
			buildActionMask = 2147483647;
			files = (
				5F7121F32291C47F00FFB1FF /* LaunchScreen.storyboard in Resources */,
				5F7121F02291C47F00FFB1FF /* Assets.xcassets in Resources */,
				5F7121EE2291C47E00FFB1FF /* Main.storyboard in Resources */,
			);
			runOnlyForDeploymentPostprocessing = 0;
		};
		5F7121F72291C48000FFB1FF /* Resources */ = {
			isa = PBXResourcesBuildPhase;
			buildActionMask = 2147483647;
			files = (
			);
			runOnlyForDeploymentPostprocessing = 0;
		};
		5F7122022291C48000FFB1FF /* Resources */ = {
			isa = PBXResourcesBuildPhase;
			buildActionMask = 2147483647;
			files = (
			);
			runOnlyForDeploymentPostprocessing = 0;
		};
/* End PBXResourcesBuildPhase section */

/* Begin PBXSourcesBuildPhase section */
		5F7121E12291C47E00FFB1FF /* Sources */ = {
			isa = PBXSourcesBuildPhase;
			buildActionMask = 2147483647;
			files = (
				5F7121EB2291C47E00FFB1FF /* ViewController.swift in Sources */,
				5F7122172291C73300FFB1FF /* ConnectionView.swift in Sources */,
				5F7121E92291C47E00FFB1FF /* AppDelegate.swift in Sources */,
			);
			runOnlyForDeploymentPostprocessing = 0;
		};
		5F7121F52291C48000FFB1FF /* Sources */ = {
			isa = PBXSourcesBuildPhase;
			buildActionMask = 2147483647;
			files = (
				5F7121FE2291C48000FFB1FF /* UntanglerTests.swift in Sources */,
			);
			runOnlyForDeploymentPostprocessing = 0;
		};
		5F7122002291C48000FFB1FF /* Sources */ = {
			isa = PBXSourcesBuildPhase;
			buildActionMask = 2147483647;
			files = (
				5F7122092291C48000FFB1FF /* UntanglerUITests.swift in Sources */,
			);
			runOnlyForDeploymentPostprocessing = 0;
		};
/* End PBXSourcesBuildPhase section */

/* Begin PBXTargetDependency section */
		5F7121FB2291C48000FFB1FF /* PBXTargetDependency */ = {
			isa = PBXTargetDependency;
			target = 5F7121E42291C47E00FFB1FF /* Untangler */;
			targetProxy = 5F7121FA2291C48000FFB1FF /* PBXContainerItemProxy */;
		};
		5F7122062291C48000FFB1FF /* PBXTargetDependency */ = {
			isa = PBXTargetDependency;
			target = 5F7121E42291C47E00FFB1FF /* Untangler */;
			targetProxy = 5F7122052291C48000FFB1FF /* PBXContainerItemProxy */;
		};
/* End PBXTargetDependency section */

/* Begin PBXVariantGroup section */
		5F7121EC2291C47E00FFB1FF /* Main.storyboard */ = {
			isa = PBXVariantGroup;
			children = (
				5F7121ED2291C47E00FFB1FF /* Base */,
			);
			name = Main.storyboard;
			sourceTree = "<group>";
		};
		5F7121F12291C47F00FFB1FF /* LaunchScreen.storyboard */ = {
			isa = PBXVariantGroup;
			children = (
				5F7121F22291C47F00FFB1FF /* Base */,
			);
			name = LaunchScreen.storyboard;
			sourceTree = "<group>";
		};
/* End PBXVariantGroup section */

/* Begin XCBuildConfiguration section */
		5F71220B2291C48000FFB1FF /* Debug */ = {
			isa = XCBuildConfiguration;
			buildSettings = {
				ALWAYS_SEARCH_USER_PATHS = NO;
				CLANG_ANALYZER_NONNULL = YES;
				CLANG_ANALYZER_NUMBER_OBJECT_CONVERSION = YES_AGGRESSIVE;
				CLANG_CXX_LANGUAGE_STANDARD = "gnu++14";
				CLANG_CXX_LIBRARY = "libc++";
				CLANG_ENABLE_MODULES = YES;
				CLANG_ENABLE_OBJC_ARC = YES;
				CLANG_ENABLE_OBJC_WEAK = YES;
				CLANG_WARN_BLOCK_CAPTURE_AUTORELEASING = YES;
				CLANG_WARN_BOOL_CONVERSION = YES;
				CLANG_WARN_COMMA = YES;
				CLANG_WARN_CONSTANT_CONVERSION = YES;
				CLANG_WARN_DEPRECATED_OBJC_IMPLEMENTATIONS = YES;
				CLANG_WARN_DIRECT_OBJC_ISA_USAGE = YES_ERROR;
				CLANG_WARN_DOCUMENTATION_COMMENTS = YES;
				CLANG_WARN_EMPTY_BODY = YES;
				CLANG_WARN_ENUM_CONVERSION = YES;
				CLANG_WARN_INFINITE_RECURSION = YES;
				CLANG_WARN_INT_CONVERSION = YES;
				CLANG_WARN_NON_LITERAL_NULL_CONVERSION = YES;
				CLANG_WARN_OBJC_IMPLICIT_RETAIN_SELF = YES;
				CLANG_WARN_OBJC_LITERAL_CONVERSION = YES;
				CLANG_WARN_OBJC_ROOT_CLASS = YES_ERROR;
				CLANG_WARN_RANGE_LOOP_ANALYSIS = YES;
				CLANG_WARN_STRICT_PROTOTYPES = YES;
				CLANG_WARN_SUSPICIOUS_MOVE = YES;
				CLANG_WARN_UNGUARDED_AVAILABILITY = YES_AGGRESSIVE;
				CLANG_WARN_UNREACHABLE_CODE = YES;
				CLANG_WARN__DUPLICATE_METHOD_MATCH = YES;
				CODE_SIGN_IDENTITY = "iPhone Developer";
				COPY_PHASE_STRIP = NO;
				DEBUG_INFORMATION_FORMAT = dwarf;
				ENABLE_STRICT_OBJC_MSGSEND = YES;
				ENABLE_TESTABILITY = YES;
				GCC_C_LANGUAGE_STANDARD = gnu11;
				GCC_DYNAMIC_NO_PIC = NO;
				GCC_NO_COMMON_BLOCKS = YES;
				GCC_OPTIMIZATION_LEVEL = 0;
				GCC_PREPROCESSOR_DEFINITIONS = (
					"DEBUG=1",
					"$(inherited)",
				);
				GCC_WARN_64_TO_32_BIT_CONVERSION = YES;
				GCC_WARN_ABOUT_RETURN_TYPE = YES_ERROR;
				GCC_WARN_UNDECLARED_SELECTOR = YES;
				GCC_WARN_UNINITIALIZED_AUTOS = YES_AGGRESSIVE;
				GCC_WARN_UNUSED_FUNCTION = YES;
				GCC_WARN_UNUSED_VARIABLE = YES;
				IPHONEOS_DEPLOYMENT_TARGET = 12.1;
				MTL_ENABLE_DEBUG_INFO = INCLUDE_SOURCE;
				MTL_FAST_MATH = YES;
				ONLY_ACTIVE_ARCH = YES;
				SDKROOT = iphoneos;
				SWIFT_ACTIVE_COMPILATION_CONDITIONS = DEBUG;
				SWIFT_OPTIMIZATION_LEVEL = "-Onone";
			};
			name = Debug;
		};
		5F71220C2291C48000FFB1FF /* Release */ = {
			isa = XCBuildConfiguration;
			buildSettings = {
				ALWAYS_SEARCH_USER_PATHS = NO;
				CLANG_ANALYZER_NONNULL = YES;
				CLANG_ANALYZER_NUMBER_OBJECT_CONVERSION = YES_AGGRESSIVE;
				CLANG_CXX_LANGUAGE_STANDARD = "gnu++14";
				CLANG_CXX_LIBRARY = "libc++";
				CLANG_ENABLE_MODULES = YES;
				CLANG_ENABLE_OBJC_ARC = YES;
				CLANG_ENABLE_OBJC_WEAK = YES;
				CLANG_WARN_BLOCK_CAPTURE_AUTORELEASING = YES;
				CLANG_WARN_BOOL_CONVERSION = YES;
				CLANG_WARN_COMMA = YES;
				CLANG_WARN_CONSTANT_CONVERSION = YES;
				CLANG_WARN_DEPRECATED_OBJC_IMPLEMENTATIONS = YES;
				CLANG_WARN_DIRECT_OBJC_ISA_USAGE = YES_ERROR;
				CLANG_WARN_DOCUMENTATION_COMMENTS = YES;
				CLANG_WARN_EMPTY_BODY = YES;
				CLANG_WARN_ENUM_CONVERSION = YES;
				CLANG_WARN_INFINITE_RECURSION = YES;
				CLANG_WARN_INT_CONVERSION = YES;
				CLANG_WARN_NON_LITERAL_NULL_CONVERSION = YES;
				CLANG_WARN_OBJC_IMPLICIT_RETAIN_SELF = YES;
				CLANG_WARN_OBJC_LITERAL_CONVERSION = YES;
				CLANG_WARN_OBJC_ROOT_CLASS = YES_ERROR;
				CLANG_WARN_RANGE_LOOP_ANALYSIS = YES;
				CLANG_WARN_STRICT_PROTOTYPES = YES;
				CLANG_WARN_SUSPICIOUS_MOVE = YES;
				CLANG_WARN_UNGUARDED_AVAILABILITY = YES_AGGRESSIVE;
				CLANG_WARN_UNREACHABLE_CODE = YES;
				CLANG_WARN__DUPLICATE_METHOD_MATCH = YES;
				CODE_SIGN_IDENTITY = "iPhone Developer";
				COPY_PHASE_STRIP = NO;
				DEBUG_INFORMATION_FORMAT = "dwarf-with-dsym";
				ENABLE_NS_ASSERTIONS = NO;
				ENABLE_STRICT_OBJC_MSGSEND = YES;
				GCC_C_LANGUAGE_STANDARD = gnu11;
				GCC_NO_COMMON_BLOCKS = YES;
				GCC_WARN_64_TO_32_BIT_CONVERSION = YES;
				GCC_WARN_ABOUT_RETURN_TYPE = YES_ERROR;
				GCC_WARN_UNDECLARED_SELECTOR = YES;
				GCC_WARN_UNINITIALIZED_AUTOS = YES_AGGRESSIVE;
				GCC_WARN_UNUSED_FUNCTION = YES;
				GCC_WARN_UNUSED_VARIABLE = YES;
				IPHONEOS_DEPLOYMENT_TARGET = 12.1;
				MTL_ENABLE_DEBUG_INFO = NO;
				MTL_FAST_MATH = YES;
				SDKROOT = iphoneos;
				SWIFT_COMPILATION_MODE = wholemodule;
				SWIFT_OPTIMIZATION_LEVEL = "-O";
				VALIDATE_PRODUCT = YES;
			};
			name = Release;
		};
		5F71220E2291C48000FFB1FF /* Debug */ = {
			isa = XCBuildConfiguration;
			buildSettings = {
				ASSETCATALOG_COMPILER_APPICON_NAME = AppIcon;
				CODE_SIGN_STYLE = Automatic;
				DEVELOPMENT_TEAM = 59J4UJT338;
				INFOPLIST_FILE = Untangler/Info.plist;
				LD_RUNPATH_SEARCH_PATHS = (
					"$(inherited)",
					"@executable_path/Frameworks",
				);
				PRODUCT_BUNDLE_IDENTIFIER = com.adeOlusunmade.Untangler;
				PRODUCT_NAME = "$(TARGET_NAME)";
				SWIFT_VERSION = 4.2;
				TARGETED_DEVICE_FAMILY = "1,2";
			};
			name = Debug;
		};
		5F71220F2291C48000FFB1FF /* Release */ = {
			isa = XCBuildConfiguration;
			buildSettings = {
				ASSETCATALOG_COMPILER_APPICON_NAME = AppIcon;
				CODE_SIGN_STYLE = Automatic;
				DEVELOPMENT_TEAM = 59J4UJT338;
				INFOPLIST_FILE = Untangler/Info.plist;
				LD_RUNPATH_SEARCH_PATHS = (
					"$(inherited)",
					"@executable_path/Frameworks",
				);
				PRODUCT_BUNDLE_IDENTIFIER = com.adeOlusunmade.Untangler;
				PRODUCT_NAME = "$(TARGET_NAME)";
				SWIFT_VERSION = 4.2;
				TARGETED_DEVICE_FAMILY = "1,2";
			};
			name = Release;
		};
		5F7122112291C48000FFB1FF /* Debug */ = {
			isa = XCBuildConfiguration;
			buildSettings = {
				ALWAYS_EMBED_SWIFT_STANDARD_LIBRARIES = YES;
				BUNDLE_LOADER = "$(TEST_HOST)";
				CODE_SIGN_STYLE = Automatic;
				INFOPLIST_FILE = UntanglerTests/Info.plist;
				LD_RUNPATH_SEARCH_PATHS = (
					"$(inherited)",
					"@executable_path/Frameworks",
					"@loader_path/Frameworks",
				);
				PRODUCT_BUNDLE_IDENTIFIER = com.adeOlusunmade.UntanglerTests;
				PRODUCT_NAME = "$(TARGET_NAME)";
				SWIFT_VERSION = 4.2;
				TARGETED_DEVICE_FAMILY = "1,2";
				TEST_HOST = "$(BUILT_PRODUCTS_DIR)/Untangler.app/Untangler";
			};
			name = Debug;
		};
		5F7122122291C48000FFB1FF /* Release */ = {
			isa = XCBuildConfiguration;
			buildSettings = {
				ALWAYS_EMBED_SWIFT_STANDARD_LIBRARIES = YES;
				BUNDLE_LOADER = "$(TEST_HOST)";
				CODE_SIGN_STYLE = Automatic;
				INFOPLIST_FILE = UntanglerTests/Info.plist;
				LD_RUNPATH_SEARCH_PATHS = (
					"$(inherited)",
					"@executable_path/Frameworks",
					"@loader_path/Frameworks",
				);
				PRODUCT_BUNDLE_IDENTIFIER = com.adeOlusunmade.UntanglerTests;
				PRODUCT_NAME = "$(TARGET_NAME)";
				SWIFT_VERSION = 4.2;
				TARGETED_DEVICE_FAMILY = "1,2";
				TEST_HOST = "$(BUILT_PRODUCTS_DIR)/Untangler.app/Untangler";
			};
			name = Release;
		};
		5F7122142291C48000FFB1FF /* Debug */ = {
			isa = XCBuildConfiguration;
			buildSettings = {
				ALWAYS_EMBED_SWIFT_STANDARD_LIBRARIES = YES;
				CODE_SIGN_STYLE = Automatic;
				INFOPLIST_FILE = UntanglerUITests/Info.plist;
				LD_RUNPATH_SEARCH_PATHS = (
					"$(inherited)",
					"@executable_path/Frameworks",
					"@loader_path/Frameworks",
				);
				PRODUCT_BUNDLE_IDENTIFIER = com.adeOlusunmade.UntanglerUITests;
				PRODUCT_NAME = "$(TARGET_NAME)";
				SWIFT_VERSION = 4.2;
				TARGETED_DEVICE_FAMILY = "1,2";
				TEST_TARGET_NAME = Untangler;
			};
			name = Debug;
		};
		5F7122152291C48000FFB1FF /* Release */ = {
			isa = XCBuildConfiguration;
			buildSettings = {
				ALWAYS_EMBED_SWIFT_STANDARD_LIBRARIES = YES;
				CODE_SIGN_STYLE = Automatic;
				INFOPLIST_FILE = UntanglerUITests/Info.plist;
				LD_RUNPATH_SEARCH_PATHS = (
					"$(inherited)",
					"@executable_path/Frameworks",
					"@loader_path/Frameworks",
				);
				PRODUCT_BUNDLE_IDENTIFIER = com.adeOlusunmade.UntanglerUITests;
				PRODUCT_NAME = "$(TARGET_NAME)";
				SWIFT_VERSION = 4.2;
				TARGETED_DEVICE_FAMILY = "1,2";
				TEST_TARGET_NAME = Untangler;
			};
			name = Release;
		};
/* End XCBuildConfiguration section */

/* Begin XCConfigurationList section */
		5F7121E02291C47E00FFB1FF /* Build configuration list for PBXProject "Untangler" */ = {
			isa = XCConfigurationList;
			buildConfigurations = (
				5F71220B2291C48000FFB1FF /* Debug */,
				5F71220C2291C48000FFB1FF /* Release */,
			);
			defaultConfigurationIsVisible = 0;
			defaultConfigurationName = Release;
		};
		5F71220D2291C48000FFB1FF /* Build configuration list for PBXNativeTarget "Untangler" */ = {
			isa = XCConfigurationList;
			buildConfigurations = (
				5F71220E2291C48000FFB1FF /* Debug */,
				5F71220F2291C48000FFB1FF /* Release */,
			);
			defaultConfigurationIsVisible = 0;
			defaultConfigurationName = Release;
		};
		5F7122102291C48000FFB1FF /* Build configuration list for PBXNativeTarget "UntanglerTests" */ = {
			isa = XCConfigurationList;
			buildConfigurations = (
				5F7122112291C48000FFB1FF /* Debug */,
				5F7122122291C48000FFB1FF /* Release */,
			);
			defaultConfigurationIsVisible = 0;
			defaultConfigurationName = Release;
		};
		5F7122132291C48000FFB1FF /* Build configuration list for PBXNativeTarget "UntanglerUITests" */ = {
			isa = XCConfigurationList;
			buildConfigurations = (
				5F7122142291C48000FFB1FF /* Debug */,
				5F7122152291C48000FFB1FF /* Release */,
			);
			defaultConfigurationIsVisible = 0;
			defaultConfigurationName = Release;
		};
/* End XCConfigurationList section */
	};
	rootObject = 5F7121DD2291C47E00FFB1FF /* Project object */;
}
